
Microsoft Visual Studio Solution File, Format Version 12.00
# Visual Studio 15
VisualStudioVersion = 15.0.26730.15
MinimumVisualStudioVersion = 10.0.40219.1
Project("{2150E333-8FDC-42A3-9474-1A3956D46DE8}") = "Documentation", "Documentation", "{3BB8AE01-0E7D-44A0-A5C4-9E6AB7AEA03C}"
	ProjectSection(SolutionItems) = preProject
		LICENSE = LICENSE
		README.md = README.md
	EndProjectSection
EndProject
Project("{2150E333-8FDC-42A3-9474-1A3956D46DE8}") = "Images", "Images", "{872F0A08-2BD0-4537-915E-31EE1A5CA31C}"
	ProjectSection(SolutionItems) = preProject
		Documentation\Images\Readme_OnionArchitecture.png = Documentation\Images\Readme_OnionArchitecture.png
	EndProjectSection
EndProject
Project("{2150E333-8FDC-42A3-9474-1A3956D46DE8}") = "Code", "Code", "{D5FA0A16-2438-4106-92B6-3ADE2C1C602B}"
EndProject
Project("{2150E333-8FDC-42A3-9474-1A3956D46DE8}") = "Shared", "Shared", "{1621397E-8E19-46DD-95EA-2F552FDB8C65}"
EndProject
Project("{9A19103F-16F7-4668-BE54-9A1E7A4F7556}") = "ORMS.Shared.SharedKernel", "Code\Shared\ORMS.Shared.SharedKernel\ORMS.Shared.SharedKernel.csproj", "{4BD7AA9C-E4DC-4A85-BAD3-B23CBF3660C1}"
EndProject
Project("{9A19103F-16F7-4668-BE54-9A1E7A4F7556}") = "ORMS.Shared.SharedKernel.UnitTests", "Code\Shared\ORMS.Shared.SharedKernel.UnitTests\ORMS.Shared.SharedKernel.UnitTests.csproj", "{6E92E743-21A7-47DE-AE87-A5358A72D954}"
	ProjectSection(ProjectDependencies) = postProject
		{4BD7AA9C-E4DC-4A85-BAD3-B23CBF3660C1} = {4BD7AA9C-E4DC-4A85-BAD3-B23CBF3660C1}
	EndProjectSection
EndProject
Project("{2150E333-8FDC-42A3-9474-1A3956D46DE8}") = "_styleCop", "_styleCop", "{21A2D60C-4F73-499A-A9BC-C9443768C1DF}"
	ProjectSection(SolutionItems) = preProject
		_stylecop\CustomDictionary.xml = _stylecop\CustomDictionary.xml
		_stylecop\stylecop.json = _stylecop\stylecop.json
		_stylecop\StyleCopeRules.ruleset = _stylecop\StyleCopeRules.ruleset
	EndProjectSection
EndProject
Global
	GlobalSection(SolutionConfigurationPlatforms) = preSolution
		Debug|Any CPU = Debug|Any CPU
		Release|Any CPU = Release|Any CPU
	EndGlobalSection
	GlobalSection(ProjectConfigurationPlatforms) = postSolution
		{4BD7AA9C-E4DC-4A85-BAD3-B23CBF3660C1}.Debug|Any CPU.ActiveCfg = Debug|Any CPU
		{4BD7AA9C-E4DC-4A85-BAD3-B23CBF3660C1}.Debug|Any CPU.Build.0 = Debug|Any CPU
		{4BD7AA9C-E4DC-4A85-BAD3-B23CBF3660C1}.Release|Any CPU.ActiveCfg = Release|Any CPU
		{4BD7AA9C-E4DC-4A85-BAD3-B23CBF3660C1}.Release|Any CPU.Build.0 = Release|Any CPU
		{6E92E743-21A7-47DE-AE87-A5358A72D954}.Debug|Any CPU.ActiveCfg = Debug|Any CPU
		{6E92E743-21A7-47DE-AE87-A5358A72D954}.Debug|Any CPU.Build.0 = Debug|Any CPU
		{6E92E743-21A7-47DE-AE87-A5358A72D954}.Release|Any CPU.ActiveCfg = Release|Any CPU
		{6E92E743-21A7-47DE-AE87-A5358A72D954}.Release|Any CPU.Build.0 = Release|Any CPU
	EndGlobalSection
	GlobalSection(SolutionProperties) = preSolution
		HideSolutionNode = FALSE
	EndGlobalSection
	GlobalSection(NestedProjects) = preSolution
		{872F0A08-2BD0-4537-915E-31EE1A5CA31C} = {3BB8AE01-0E7D-44A0-A5C4-9E6AB7AEA03C}
		{1621397E-8E19-46DD-95EA-2F552FDB8C65} = {D5FA0A16-2438-4106-92B6-3ADE2C1C602B}
		{4BD7AA9C-E4DC-4A85-BAD3-B23CBF3660C1} = {1621397E-8E19-46DD-95EA-2F552FDB8C65}
		{6E92E743-21A7-47DE-AE87-A5358A72D954} = {1621397E-8E19-46DD-95EA-2F552FDB8C65}
	EndGlobalSection
	GlobalSection(ExtensibilityGlobals) = postSolution
		SolutionGuid = {EE39F522-FEF0-4639-AB35-EEE5D62A9CD7}
	EndGlobalSection
EndGlobal
