
Microsoft Visual Studio Solution File, Format Version 12.00
# Visual Studio 14
VisualStudioVersion = 14.0.25420.1
MinimumVisualStudioVersion = 10.0.40219.1
Project("{2150E333-8FDC-42A3-9474-1A3956D46DE8}") = "0. Solution Items", "0. Solution Items", "{12CF8E4F-D9C7-4491-B91E-DCEE61D961C5}"
	ProjectSection(SolutionItems) = preProject
		global.json = global.json
	EndProjectSection
EndProject
Project("{8BB2217D-0F2D-49D1-97BC-3654ED321F3B}") = "OpenRMS.Contexts.ItemManagement.Domain", "OpenRMS.Contexts.ItemManagement.Domain\OpenRMS.Contexts.ItemManagement.Domain.xproj", "{63BF5079-1792-4983-9222-3A8DC3AAA8AD}"
EndProject
Project("{8BB2217D-0F2D-49D1-97BC-3654ED321F3B}") = "OpenRMS.Shared.Kernel", "OpenRMS.Shared.Kernel\OpenRMS.Shared.Kernel.xproj", "{517BF113-A37D-47A5-8F6F-477A6D0C7806}"
EndProject
Project("{8BB2217D-0F2D-49D1-97BC-3654ED321F3B}") = "OpenRMS.Console", "OpenRMS.Console\OpenRMS.Console.xproj", "{91D341BD-603D-4F84-8D8C-5A21BAEBB3E1}"
EndProject
Project("{8BB2217D-0F2D-49D1-97BC-3654ED321F3B}") = "OpenRMS.Contexts.ItemManagement.Infrastructure", "OpenRMS.Contexts.ItemManagement.Infrastructure\OpenRMS.Contexts.ItemManagement.Infrastructure.xproj", "{0265865C-9E7E-490D-B45F-9E79DCE1070B}"
EndProject
Project("{8BB2217D-0F2D-49D1-97BC-3654ED321F3B}") = "OpenRMS.Shared.Kernel.Tests", "OpenRMS.Shared.Kernel.Tests\OpenRMS.Shared.Kernel.Tests.xproj", "{E8778BF1-6F6E-4B63-8C9A-7EF6F861060B}"
EndProject
Project("{8BB2217D-0F2D-49D1-97BC-3654ED321F3B}") = "OpenRMS.Contexts.ItemManagement.Tests", "OpenRMS.Contexts.ItemManagement.Tests\OpenRMS.Contexts.ItemManagement.Tests.xproj", "{480EC87B-4683-44CF-96D2-08484D56284F}"
EndProject
Project("{8BB2217D-0F2D-49D1-97BC-3654ED321F3B}") = "OpenRMS.Contexts.ItemManagement.ApplicationService", "OpenRMS.Contexts.ItemManagement.ApplicationService\OpenRMS.Contexts.ItemManagement.ApplicationService.xproj", "{EB5E5B3F-BB88-466B-ADB4-F716C44B6A8C}"
EndProject
Project("{2150E333-8FDC-42A3-9474-1A3956D46DE8}") = "2. Presentation", "2. Presentation", "{9E8A06CC-8A48-428B-BB38-EE37012818F6}"
EndProject
Project("{2150E333-8FDC-42A3-9474-1A3956D46DE8}") = "Item Management", "Item Management", "{72C835A1-1EBF-428D-AE37-A631A6E4769A}"
EndProject
Project("{2150E333-8FDC-42A3-9474-1A3956D46DE8}") = "3. Shared", "3. Shared", "{7C39D4F4-04AD-46DE-B56A-9FDC2E12FA9F}"
EndProject
Project("{2150E333-8FDC-42A3-9474-1A3956D46DE8}") = "1. Contexts", "1. Contexts", "{6383EFF2-3E8C-4692-9E6B-DA45BBD3846A}"
EndProject
Project("{8BB2217D-0F2D-49D1-97BC-3654ED321F3B}") = "OpenRMS.Contexts.ItemManagement.ApplicationService.Tests", "OpenRMS.Contexts.ItemManagement.ApplicationService.Tests\OpenRMS.Contexts.ItemManagement.ApplicationService.Tests.xproj", "{BB2BE5D2-4456-49EE-82E3-92C59BC3437D}"
EndProject
Global
	GlobalSection(SolutionConfigurationPlatforms) = preSolution
		Debug|Any CPU = Debug|Any CPU
		Release|Any CPU = Release|Any CPU
	EndGlobalSection
	GlobalSection(ProjectConfigurationPlatforms) = postSolution
		{63BF5079-1792-4983-9222-3A8DC3AAA8AD}.Debug|Any CPU.ActiveCfg = Debug|Any CPU
		{63BF5079-1792-4983-9222-3A8DC3AAA8AD}.Debug|Any CPU.Build.0 = Debug|Any CPU
		{63BF5079-1792-4983-9222-3A8DC3AAA8AD}.Release|Any CPU.ActiveCfg = Release|Any CPU
		{63BF5079-1792-4983-9222-3A8DC3AAA8AD}.Release|Any CPU.Build.0 = Release|Any CPU
		{517BF113-A37D-47A5-8F6F-477A6D0C7806}.Debug|Any CPU.ActiveCfg = Debug|Any CPU
		{517BF113-A37D-47A5-8F6F-477A6D0C7806}.Debug|Any CPU.Build.0 = Debug|Any CPU
		{517BF113-A37D-47A5-8F6F-477A6D0C7806}.Release|Any CPU.ActiveCfg = Release|Any CPU
		{517BF113-A37D-47A5-8F6F-477A6D0C7806}.Release|Any CPU.Build.0 = Release|Any CPU
		{91D341BD-603D-4F84-8D8C-5A21BAEBB3E1}.Debug|Any CPU.ActiveCfg = Debug|Any CPU
		{91D341BD-603D-4F84-8D8C-5A21BAEBB3E1}.Debug|Any CPU.Build.0 = Debug|Any CPU
		{91D341BD-603D-4F84-8D8C-5A21BAEBB3E1}.Release|Any CPU.ActiveCfg = Release|Any CPU
		{91D341BD-603D-4F84-8D8C-5A21BAEBB3E1}.Release|Any CPU.Build.0 = Release|Any CPU
		{0265865C-9E7E-490D-B45F-9E79DCE1070B}.Debug|Any CPU.ActiveCfg = Debug|Any CPU
		{0265865C-9E7E-490D-B45F-9E79DCE1070B}.Debug|Any CPU.Build.0 = Debug|Any CPU
		{0265865C-9E7E-490D-B45F-9E79DCE1070B}.Release|Any CPU.ActiveCfg = Release|Any CPU
		{0265865C-9E7E-490D-B45F-9E79DCE1070B}.Release|Any CPU.Build.0 = Release|Any CPU
		{E8778BF1-6F6E-4B63-8C9A-7EF6F861060B}.Debug|Any CPU.ActiveCfg = Debug|Any CPU
		{E8778BF1-6F6E-4B63-8C9A-7EF6F861060B}.Debug|Any CPU.Build.0 = Debug|Any CPU
		{E8778BF1-6F6E-4B63-8C9A-7EF6F861060B}.Release|Any CPU.ActiveCfg = Release|Any CPU
		{E8778BF1-6F6E-4B63-8C9A-7EF6F861060B}.Release|Any CPU.Build.0 = Release|Any CPU
		{480EC87B-4683-44CF-96D2-08484D56284F}.Debug|Any CPU.ActiveCfg = Debug|Any CPU
		{480EC87B-4683-44CF-96D2-08484D56284F}.Debug|Any CPU.Build.0 = Debug|Any CPU
		{480EC87B-4683-44CF-96D2-08484D56284F}.Release|Any CPU.ActiveCfg = Release|Any CPU
		{480EC87B-4683-44CF-96D2-08484D56284F}.Release|Any CPU.Build.0 = Release|Any CPU
		{EB5E5B3F-BB88-466B-ADB4-F716C44B6A8C}.Debug|Any CPU.ActiveCfg = Debug|Any CPU
		{EB5E5B3F-BB88-466B-ADB4-F716C44B6A8C}.Debug|Any CPU.Build.0 = Debug|Any CPU
		{EB5E5B3F-BB88-466B-ADB4-F716C44B6A8C}.Release|Any CPU.ActiveCfg = Release|Any CPU
		{EB5E5B3F-BB88-466B-ADB4-F716C44B6A8C}.Release|Any CPU.Build.0 = Release|Any CPU
		{BB2BE5D2-4456-49EE-82E3-92C59BC3437D}.Debug|Any CPU.ActiveCfg = Debug|Any CPU
		{BB2BE5D2-4456-49EE-82E3-92C59BC3437D}.Debug|Any CPU.Build.0 = Debug|Any CPU
		{BB2BE5D2-4456-49EE-82E3-92C59BC3437D}.Release|Any CPU.ActiveCfg = Release|Any CPU
		{BB2BE5D2-4456-49EE-82E3-92C59BC3437D}.Release|Any CPU.Build.0 = Release|Any CPU
	EndGlobalSection
	GlobalSection(SolutionProperties) = preSolution
		HideSolutionNode = FALSE
	EndGlobalSection
	GlobalSection(NestedProjects) = preSolution
		{63BF5079-1792-4983-9222-3A8DC3AAA8AD} = {72C835A1-1EBF-428D-AE37-A631A6E4769A}
		{517BF113-A37D-47A5-8F6F-477A6D0C7806} = {7C39D4F4-04AD-46DE-B56A-9FDC2E12FA9F}
		{91D341BD-603D-4F84-8D8C-5A21BAEBB3E1} = {9E8A06CC-8A48-428B-BB38-EE37012818F6}
		{0265865C-9E7E-490D-B45F-9E79DCE1070B} = {72C835A1-1EBF-428D-AE37-A631A6E4769A}
		{E8778BF1-6F6E-4B63-8C9A-7EF6F861060B} = {7C39D4F4-04AD-46DE-B56A-9FDC2E12FA9F}
		{480EC87B-4683-44CF-96D2-08484D56284F} = {72C835A1-1EBF-428D-AE37-A631A6E4769A}
		{EB5E5B3F-BB88-466B-ADB4-F716C44B6A8C} = {72C835A1-1EBF-428D-AE37-A631A6E4769A}
		{72C835A1-1EBF-428D-AE37-A631A6E4769A} = {6383EFF2-3E8C-4692-9E6B-DA45BBD3846A}
		{BB2BE5D2-4456-49EE-82E3-92C59BC3437D} = {72C835A1-1EBF-428D-AE37-A631A6E4769A}
	EndGlobalSection
EndGlobal
